PODS:
  - libwebp (1.0.2):
    - libwebp/core (= 1.0.2)
    - libwebp/dec (= 1.0.2)
    - libwebp/demux (= 1.0.2)
    - libwebp/dsp (= 1.0.2)
    - libwebp/enc (= 1.0.2)
    - libwebp/mux (= 1.0.2)
    - libwebp/utils (= 1.0.2)
    - libwebp/webp (= 1.0.2)
  - libwebp/core (1.0.2):
    - libwebp/webp
  - libwebp/dec (1.0.2):
    - libwebp/core
  - libwebp/demux (1.0.2):
    - libwebp/core
  - libwebp/dsp (1.0.2):
    - libwebp/core
  - libwebp/enc (1.0.2):
    - libwebp/core
  - libwebp/mux (1.0.2):
    - libwebp/core
  - libwebp/utils (1.0.2):
    - libwebp/core
  - libwebp/webp (1.0.2)
  - SDWebImage (5.0.1):
    - SDWebImage/Core (= 5.0.1)
  - SDWebImage/Core (5.0.1)
  - SDWebImageWebPCoder (0.2.0):
    - libwebp (~> 1.0)
    - SDWebImage/Core (~> 5.0)

DEPENDENCIES:
  - SDWebImage
  - SDWebImageWebPCoder

SPEC REPOS:
  https://github.com/cocoapods/specs.git:
    - libwebp
    - SDWebImage
    - SDWebImageWebPCoder

SPEC CHECKSUMS:
  libwebp: 10b2bf3c62bfa28046ff701771c9a75a7683d49b
  SDWebImage: 27dd2c9ea07a2252f94557c9fbb6105ee94b74c9
  SDWebImageWebPCoder: 22ba38003527ade6ca3874f83b8216e655d942ae

PODFILE CHECKSUM: de8d80f46f2406eef549b4e94a106b99105539fb

COCOAPODS: 1.5.3
